
Microsoft Visual Studio Solution File, Format Version 12.00
# Visual Studio 2017
Project("{FAE04EC0-301F-11D3-BF4B-00C04F79EFBC}") = "Nine Lives", "Nine Lives.csproj", "{4E1BDEF7-483F-E921-F3A2-5E797F6324C6}"
EndProject
Global
	GlobalSection(SolutionConfigurationPlatforms) = preSolution
		Debug|Any CPU = Debug|Any CPU
		Release|Any CPU = Release|Any CPU
	EndGlobalSection
	GlobalSection(ProjectConfigurationPlatforms) = postSolution
		{4E1BDEF7-483F-E921-F3A2-5E797F6324C6}.Debug|Any CPU.ActiveCfg = Debug|Any CPU
		{4E1BDEF7-483F-E921-F3A2-5E797F6324C6}.Debug|Any CPU.Build.0 = Debug|Any CPU
		{4E1BDEF7-483F-E921-F3A2-5E797F6324C6}.Release|Any CPU.ActiveCfg = Release|Any CPU
		{4E1BDEF7-483F-E921-F3A2-5E797F6324C6}.Release|Any CPU.Build.0 = Release|Any CPU
	EndGlobalSection
	GlobalSection(SolutionProperties) = preSolution
		HideSolutionNode = FALSE
	EndGlobalSection
EndGlobal
